// !$*UTF8*$!
{
	archiveVersion = 1;
	classes = {
	};
	objectVersion = 46;
	objects = {

/* Begin PBXBuildFile section */
		D9C97E251ED9DEEF00D8FB80 /* main.swift in Sources */ = {isa = PBXBuildFile; fileRef = D9C97E241ED9DEEF00D8FB80 /* main.swift */; };
		D9C97E2C1ED9DFA500D8FB80 /* BinaryOperator.swift in Sources */ = {isa = PBXBuildFile; fileRef = D9C97E2B1ED9DFA500D8FB80 /* BinaryOperator.swift */; };
		D9C97E2E1ED9E0D800D8FB80 /* Token.swift in Sources */ = {isa = PBXBuildFile; fileRef = D9C97E2D1ED9E0D800D8FB80 /* Token.swift */; };
		D9C97E301ED9E18000D8FB80 /* Ext-Character.swift in Sources */ = {isa = PBXBuildFile; fileRef = D9C97E2F1ED9E18000D8FB80 /* Ext-Character.swift */; };
		D9C97E321ED9E2A600D8FB80 /* Lexer.swift in Sources */ = {isa = PBXBuildFile; fileRef = D9C97E311ED9E2A600D8FB80 /* Lexer.swift */; };
		D9C97E341EDA0A3C00D8FB80 /* Prototype.swift in Sources */ = {isa = PBXBuildFile; fileRef = D9C97E331EDA0A3C00D8FB80 /* Prototype.swift */; };
		D9C97E361EDA0A8E00D8FB80 /* Definition.swift in Sources */ = {isa = PBXBuildFile; fileRef = D9C97E351EDA0A8E00D8FB80 /* Definition.swift */; };
		D9C97E3A1EDA0AE600D8FB80 /* Expr.swift in Sources */ = {isa = PBXBuildFile; fileRef = D9C97E391EDA0AE600D8FB80 /* Expr.swift */; };
		D9C97E3C1EDA0B9600D8FB80 /* Parser.swift in Sources */ = {isa = PBXBuildFile; fileRef = D9C97E3B1EDA0B9600D8FB80 /* Parser.swift */; };
		D9C97E3E1EDA0D5D00D8FB80 /* ParseError.swift in Sources */ = {isa = PBXBuildFile; fileRef = D9C97E3D1EDA0D5D00D8FB80 /* ParseError.swift */; };
		D9C97E401EDA1C3800D8FB80 /* File.swift in Sources */ = {isa = PBXBuildFile; fileRef = D9C97E3F1EDA1C3800D8FB80 /* File.swift */; };
/* End PBXBuildFile section */

/* Begin PBXCopyFilesBuildPhase section */
		D9C97E1F1ED9DEEF00D8FB80 /* CopyFiles */ = {
			isa = PBXCopyFilesBuildPhase;
			buildActionMask = 2147483647;
			dstPath = /usr/share/man/man1/;
			dstSubfolderSpec = 0;
			files = (
			);
			runOnlyForDeploymentPostprocessing = 1;
		};
/* End PBXCopyFilesBuildPhase section */

/* Begin PBXFileReference section */
		D9C97E211ED9DEEF00D8FB80 /* Kaleidoscope Compiler in Swift */ = {isa = PBXFileReference; explicitFileType = "compiled.mach-o.executable"; includeInIndex = 0; path = "Kaleidoscope Compiler in Swift"; sourceTree = BUILT_PRODUCTS_DIR; };
		D9C97E241ED9DEEF00D8FB80 /* main.swift */ = {isa = PBXFileReference; lastKnownFileType = sourcecode.swift; path = main.swift; sourceTree = "<group>"; };
		D9C97E2B1ED9DFA500D8FB80 /* BinaryOperator.swift */ = {isa = PBXFileReference; fileEncoding = 4; lastKnownFileType = sourcecode.swift; path = BinaryOperator.swift; sourceTree = "<group>"; };
		D9C97E2D1ED9E0D800D8FB80 /* Token.swift */ = {isa = PBXFileReference; fileEncoding = 4; lastKnownFileType = sourcecode.swift; path = Token.swift; sourceTree = "<group>"; };
		D9C97E2F1ED9E18000D8FB80 /* Ext-Character.swift */ = {isa = PBXFileReference; fileEncoding = 4; lastKnownFileType = sourcecode.swift; path = "Ext-Character.swift"; sourceTree = "<group>"; };
		D9C97E311ED9E2A600D8FB80 /* Lexer.swift */ = {isa = PBXFileReference; fileEncoding = 4; lastKnownFileType = sourcecode.swift; path = Lexer.swift; sourceTree = "<group>"; };
		D9C97E331EDA0A3C00D8FB80 /* Prototype.swift */ = {isa = PBXFileReference; fileEncoding = 4; lastKnownFileType = sourcecode.swift; path = Prototype.swift; sourceTree = "<group>"; };
		D9C97E351EDA0A8E00D8FB80 /* Definition.swift */ = {isa = PBXFileReference; fileEncoding = 4; lastKnownFileType = sourcecode.swift; path = Definition.swift; sourceTree = "<group>"; };
		D9C97E391EDA0AE600D8FB80 /* Expr.swift */ = {isa = PBXFileReference; fileEncoding = 4; lastKnownFileType = sourcecode.swift; name = Expr.swift; path = ../Expr.swift; sourceTree = "<group>"; };
		D9C97E3B1EDA0B9600D8FB80 /* Parser.swift */ = {isa = PBXFileReference; fileEncoding = 4; lastKnownFileType = sourcecode.swift; path = Parser.swift; sourceTree = "<group>"; };
		D9C97E3D1EDA0D5D00D8FB80 /* ParseError.swift */ = {isa = PBXFileReference; fileEncoding = 4; lastKnownFileType = sourcecode.swift; path = ParseError.swift; sourceTree = "<group>"; };
		D9C97E3F1EDA1C3800D8FB80 /* File.swift */ = {isa = PBXFileReference; fileEncoding = 4; lastKnownFileType = sourcecode.swift; path = File.swift; sourceTree = "<group>"; };
/* End PBXFileReference section */

/* Begin PBXFrameworksBuildPhase section */
		D9C97E1E1ED9DEEF00D8FB80 /* Frameworks */ = {
			isa = PBXFrameworksBuildPhase;
			buildActionMask = 2147483647;
			files = (
			);
			runOnlyForDeploymentPostprocessing = 0;
		};
/* End PBXFrameworksBuildPhase section */

/* Begin PBXGroup section */
		D9C97E181ED9DEEF00D8FB80 = {
			isa = PBXGroup;
			children = (
				D9C97E231ED9DEEF00D8FB80 /* Kaleidoscope Compiler in Swift */,
				D9C97E221ED9DEEF00D8FB80 /* Products */,
			);
			sourceTree = "<group>";
		};
		D9C97E221ED9DEEF00D8FB80 /* Products */ = {
			isa = PBXGroup;
			children = (
				D9C97E211ED9DEEF00D8FB80 /* Kaleidoscope Compiler in Swift */,
			);
			name = Products;
			sourceTree = "<group>";
		};
		D9C97E231ED9DEEF00D8FB80 /* Kaleidoscope Compiler in Swift */ = {
			isa = PBXGroup;
			children = (
				D9C97E241ED9DEEF00D8FB80 /* main.swift */,
				D9C97E3B1EDA0B9600D8FB80 /* Parser.swift */,
				D9C97E3F1EDA1C3800D8FB80 /* File.swift */,
				D9C97E3D1EDA0D5D00D8FB80 /* ParseError.swift */,
				D9C97E391EDA0AE600D8FB80 /* Expr.swift */,
				D9C97E331EDA0A3C00D8FB80 /* Prototype.swift */,
				D9C97E351EDA0A8E00D8FB80 /* Definition.swift */,
				D9C97E2B1ED9DFA500D8FB80 /* BinaryOperator.swift */,
				D9C97E2D1ED9E0D800D8FB80 /* Token.swift */,
				D9C97E2F1ED9E18000D8FB80 /* Ext-Character.swift */,
				D9C97E311ED9E2A600D8FB80 /* Lexer.swift */,
			);
			name = "Kaleidoscope Compiler in Swift";
			path = "Kaleidescope Compiler in Swift";
			sourceTree = "<group>";
		};
/* End PBXGroup section */

/* Begin PBXNativeTarget section */
		D9C97E201ED9DEEF00D8FB80 /* Kaleidoscope Compiler in Swift */ = {
			isa = PBXNativeTarget;
			buildConfigurationList = D9C97E281ED9DEEF00D8FB80 /* Build configuration list for PBXNativeTarget "Kaleidoscope Compiler in Swift" */;
			buildPhases = (
				D9C97E1D1ED9DEEF00D8FB80 /* Sources */,
				D9C97E1E1ED9DEEF00D8FB80 /* Frameworks */,
				D9C97E1F1ED9DEEF00D8FB80 /* CopyFiles */,
			);
			buildRules = (
			);
			dependencies = (
			);
			name = "Kaleidoscope Compiler in Swift";
			productName = "Kaleidescope Compiler in Swift";
			productReference = D9C97E211ED9DEEF00D8FB80 /* Kaleidoscope Compiler in Swift */;
			productType = "com.apple.product-type.tool";
		};
/* End PBXNativeTarget section */

/* Begin PBXProject section */
		D9C97E191ED9DEEF00D8FB80 /* Project object */ = {
			isa = PBXProject;
			attributes = {
				LastSwiftUpdateCheck = 0830;
				LastUpgradeCheck = 0830;
				ORGANIZATIONNAME = "Ivan Minier";
				TargetAttributes = {
					D9C97E201ED9DEEF00D8FB80 = {
						CreatedOnToolsVersion = 8.3.2;
						DevelopmentTeam = 543V5E2ARZ;
						ProvisioningStyle = Automatic;
					};
				};
			};
			buildConfigurationList = D9C97E1C1ED9DEEF00D8FB80 /* Build configuration list for PBXProject "Kaleidoscope Compiler in Swift" */;
			compatibilityVersion = "Xcode 3.2";
			developmentRegion = English;
			hasScannedForEncodings = 0;
			knownRegions = (
				en,
			);
			mainGroup = D9C97E181ED9DEEF00D8FB80;
			productRefGroup = D9C97E221ED9DEEF00D8FB80 /* Products */;
			projectDirPath = "";
			projectRoot = "";
			targets = (
				D9C97E201ED9DEEF00D8FB80 /* Kaleidoscope Compiler in Swift */,
			);
		};
/* End PBXProject section */

/* Begin PBXSourcesBuildPhase section */
		D9C97E1D1ED9DEEF00D8FB80 /* Sources */ = {
			isa = PBXSourcesBuildPhase;
			buildActionMask = 2147483647;
			files = (
				D9C97E2E1ED9E0D800D8FB80 /* Token.swift in Sources */,
				D9C97E301ED9E18000D8FB80 /* Ext-Character.swift in Sources */,
				D9C97E341EDA0A3C00D8FB80 /* Prototype.swift in Sources */,
				D9C97E2C1ED9DFA500D8FB80 /* BinaryOperator.swift in Sources */,
				D9C97E3E1EDA0D5D00D8FB80 /* ParseError.swift in Sources */,
				D9C97E3A1EDA0AE600D8FB80 /* Expr.swift in Sources */,
				D9C97E3C1EDA0B9600D8FB80 /* Parser.swift in Sources */,
				D9C97E361EDA0A8E00D8FB80 /* Definition.swift in Sources */,
				D9C97E251ED9DEEF00D8FB80 /* main.swift in Sources */,
				D9C97E401EDA1C3800D8FB80 /* File.swift in Sources */,
				D9C97E321ED9E2A600D8FB80 /* Lexer.swift in Sources */,
			);
			runOnlyForDeploymentPostprocessing = 0;
		};
/* End PBXSourcesBuildPhase section */

/* Begin XCBuildConfiguration section */
		D9C97E261ED9DEEF00D8FB80 /* Debug */ = {
			isa = XCBuildConfiguration;
			buildSettings = {
				ALWAYS_SEARCH_USER_PATHS = NO;
				CLANG_ANALYZER_NONNULL = YES;
				CLANG_ANALYZER_NUMBER_OBJECT_CONVERSION = YES_AGGRESSIVE;
				CLANG_CXX_LANGUAGE_STANDARD = "gnu++0x";
				CLANG_CXX_LIBRARY = "libc++";
				CLANG_ENABLE_MODULES = YES;
				CLANG_ENABLE_OBJC_ARC = YES;
				CLANG_WARN_BOOL_CONVERSION = YES;
				CLANG_WARN_CONSTANT_CONVERSION = YES;
				CLANG_WARN_DIRECT_OBJC_ISA_USAGE = YES_ERROR;
				CLANG_WARN_DOCUMENTATION_COMMENTS = YES;
				CLANG_WARN_EMPTY_BODY = YES;
				CLANG_WARN_ENUM_CONVERSION = YES;
				CLANG_WARN_INFINITE_RECURSION = YES;
				CLANG_WARN_INT_CONVERSION = YES;
				CLANG_WARN_OBJC_ROOT_CLASS = YES_ERROR;
				CLANG_WARN_SUSPICIOUS_MOVE = YES;
				CLANG_WARN_UNREACHABLE_CODE = YES;
				CLANG_WARN__DUPLICATE_METHOD_MATCH = YES;
				CODE_SIGN_IDENTITY = "-";
				COPY_PHASE_STRIP = NO;
				DEBUG_INFORMATION_FORMAT = dwarf;
				ENABLE_STRICT_OBJC_MSGSEND = YES;
				ENABLE_TESTABILITY = YES;
				GCC_C_LANGUAGE_STANDARD = gnu99;
				GCC_DYNAMIC_NO_PIC = NO;
				GCC_NO_COMMON_BLOCKS = YES;
				GCC_OPTIMIZATION_LEVEL = 0;
				GCC_PREPROCESSOR_DEFINITIONS = (
					"DEBUG=1",
					"$(inherited)",
				);
				GCC_WARN_64_TO_32_BIT_CONVERSION = YES;
				GCC_WARN_ABOUT_RETURN_TYPE = YES_ERROR;
				GCC_WARN_UNDECLARED_SELECTOR = YES;
				GCC_WARN_UNINITIALIZED_AUTOS = YES_AGGRESSIVE;
				GCC_WARN_UNUSED_FUNCTION = YES;
				GCC_WARN_UNUSED_VARIABLE = YES;
				MACOSX_DEPLOYMENT_TARGET = 10.12;
				MTL_ENABLE_DEBUG_INFO = YES;
				ONLY_ACTIVE_ARCH = YES;
				SDKROOT = macosx;
				SWIFT_OPTIMIZATION_LEVEL = "-Onone";
			};
			name = Debug;
		};
		D9C97E271ED9DEEF00D8FB80 /* Release */ = {
			isa = XCBuildConfiguration;
			buildSettings = {
				ALWAYS_SEARCH_USER_PATHS = NO;
				CLANG_ANALYZER_NONNULL = YES;
				CLANG_ANALYZER_NUMBER_OBJECT_CONVERSION = YES_AGGRESSIVE;
				CLANG_CXX_LANGUAGE_STANDARD = "gnu++0x";
				CLANG_CXX_LIBRARY = "libc++";
				CLANG_ENABLE_MODULES = YES;
				CLANG_ENABLE_OBJC_ARC = YES;
				CLANG_WARN_BOOL_CONVERSION = YES;
				CLANG_WARN_CONSTANT_CONVERSION = YES;
				CLANG_WARN_DIRECT_OBJC_ISA_USAGE = YES_ERROR;
				CLANG_WARN_DOCUMENTATION_COMMENTS = YES;
				CLANG_WARN_EMPTY_BODY = YES;
				CLANG_WARN_ENUM_CONVERSION = YES;
				CLANG_WARN_INFINITE_RECURSION = YES;
				CLANG_WARN_INT_CONVERSION = YES;
				CLANG_WARN_OBJC_ROOT_CLASS = YES_ERROR;
				CLANG_WARN_SUSPICIOUS_MOVE = YES;
				CLANG_WARN_UNREACHABLE_CODE = YES;
				CLANG_WARN__DUPLICATE_METHOD_MATCH = YES;
				CODE_SIGN_IDENTITY = "-";
				COPY_PHASE_STRIP = NO;
				DEBUG_INFORMATION_FORMAT = "dwarf-with-dsym";
				ENABLE_NS_ASSERTIONS = NO;
				ENABLE_STRICT_OBJC_MSGSEND = YES;
				GCC_C_LANGUAGE_STANDARD = gnu99;
				GCC_NO_COMMON_BLOCKS = YES;
				GCC_WARN_64_TO_32_BIT_CONVERSION = YES;
				GCC_WARN_ABOUT_RETURN_TYPE = YES_ERROR;
				GCC_WARN_UNDECLARED_SELECTOR = YES;
				GCC_WARN_UNINITIALIZED_AUTOS = YES_AGGRESSIVE;
				GCC_WARN_UNUSED_FUNCTION = YES;
				GCC_WARN_UNUSED_VARIABLE = YES;
				MACOSX_DEPLOYMENT_TARGET = 10.12;
				MTL_ENABLE_DEBUG_INFO = NO;
				SDKROOT = macosx;
			};
			name = Release;
		};
		D9C97E291ED9DEEF00D8FB80 /* Debug */ = {
			isa = XCBuildConfiguration;
			buildSettings = {
				DEVELOPMENT_TEAM = 543V5E2ARZ;
				PRODUCT_NAME = "$(TARGET_NAME)";
				SWIFT_VERSION = 3.0;
			};
			name = Debug;
		};
		D9C97E2A1ED9DEEF00D8FB80 /* Release */ = {
			isa = XCBuildConfiguration;
			buildSettings = {
				DEVELOPMENT_TEAM = 543V5E2ARZ;
				PRODUCT_NAME = "$(TARGET_NAME)";
				SWIFT_VERSION = 3.0;
			};
			name = Release;
		};
/* End XCBuildConfiguration section */

/* Begin XCConfigurationList section */
		D9C97E1C1ED9DEEF00D8FB80 /* Build configuration list for PBXProject "Kaleidoscope Compiler in Swift" */ = {
			isa = XCConfigurationList;
			buildConfigurations = (
				D9C97E261ED9DEEF00D8FB80 /* Debug */,
				D9C97E271ED9DEEF00D8FB80 /* Release */,
			);
			defaultConfigurationIsVisible = 0;
			defaultConfigurationName = Release;
		};
		D9C97E281ED9DEEF00D8FB80 /* Build configuration list for PBXNativeTarget "Kaleidoscope Compiler in Swift" */ = {
			isa = XCConfigurationList;
			buildConfigurations = (
				D9C97E291ED9DEEF00D8FB80 /* Debug */,
				D9C97E2A1ED9DEEF00D8FB80 /* Release */,
			);
			defaultConfigurationIsVisible = 0;
		};
/* End XCConfigurationList section */
	};
	rootObject = D9C97E191ED9DEEF00D8FB80 /* Project object */;
}
